
Microsoft Visual Studio Solution File, Format Version 12.00
# Visual Studio 15
VisualStudioVersion = 15.0.28010.2050
MinimumVisualStudioVersion = 10.0.40219.1
Project("{FAE04EC0-301F-11D3-BF4B-00C04F79EFBC}") = "Simple_Use_Session_API_CIBS", "Simple_Use_Session_API_CIBS\Simple_Use_Session_API_CIBS.csproj", "{DF8CED18-CB09-4CB5-8FFD-078913A70F69}"
EndProject
Global
	GlobalSection(SolutionConfigurationPlatforms) = preSolution
		Debug|Any CPU = Debug|Any CPU
		Release|Any CPU = Release|Any CPU
	EndGlobalSection
	GlobalSection(ProjectConfigurationPlatforms) = postSolution
		{DF8CED18-CB09-4CB5-8FFD-078913A70F69}.Debug|Any CPU.ActiveCfg = Debug|Any CPU
		{DF8CED18-CB09-4CB5-8FFD-078913A70F69}.Debug|Any CPU.Build.0 = Debug|Any CPU
		{DF8CED18-CB09-4CB5-8FFD-078913A70F69}.Release|Any CPU.ActiveCfg = Release|Any CPU
		{DF8CED18-CB09-4CB5-8FFD-078913A70F69}.Release|Any CPU.Build.0 = Release|Any CPU
	EndGlobalSection
	GlobalSection(SolutionProperties) = preSolution
		HideSolutionNode = FALSE
	EndGlobalSection
	GlobalSection(ExtensibilityGlobals) = postSolution
		SolutionGuid = {2432509D-A8B2-4EDE-8BE1-88D0B4D0B762}
	EndGlobalSection
EndGlobal
